
Microsoft Visual Studio Solution File, Format Version 12.00
# Visual Studio Version 17
VisualStudioVersion = 17.6.33723.286
MinimumVisualStudioVersion = 10.0.40219.1
Project("{FAE04EC0-301F-11D3-BF4B-00C04F79EFBC}") = "StudentMangement", "StudentMangement\StudentMangement.csproj", "{49D171F9-57C5-41F4-A51B-358133EF8EDB}"
EndProject
Global
	GlobalSection(SolutionConfigurationPlatforms) = preSolution
		Debug|Any CPU = Debug|Any CPU
		Release|Any CPU = Release|Any CPU
	EndGlobalSection
	GlobalSection(ProjectConfigurationPlatforms) = postSolution
		{49D171F9-57C5-41F4-A51B-358133EF8EDB}.Debug|Any CPU.ActiveCfg = Debug|Any CPU
		{49D171F9-57C5-41F4-A51B-358133EF8EDB}.Debug|Any CPU.Build.0 = Debug|Any CPU
		{49D171F9-57C5-41F4-A51B-358133EF8EDB}.Release|Any CPU.ActiveCfg = Release|Any CPU
		{49D171F9-57C5-41F4-A51B-358133EF8EDB}.Release|Any CPU.Build.0 = Release|Any CPU
	EndGlobalSection
	GlobalSection(SolutionProperties) = preSolution
		HideSolutionNode = FALSE
	EndGlobalSection
	GlobalSection(ExtensibilityGlobals) = postSolution
		SolutionGuid = {F87E2F4D-3DB0-41D0-A576-F7D4BB6B0A35}
	EndGlobalSection
EndGlobal
